
Microsoft Visual Studio Solution File, Format Version 12.00
# Visual Studio Version 16
VisualStudioVersion = 16.0.29613.14
MinimumVisualStudioVersion = 10.0.40219.1
Project("{FAE04EC0-301F-11D3-BF4B-00C04F79EFBC}") = "WPFHelloWorld", "WPFHelloWorld\WPFHelloWorld.csproj", "{77D5B12D-6D6A-481A-9436-CA9E37496CA8}"
EndProject
Project("{FAE04EC0-301F-11D3-BF4B-00C04F79EFBC}") = "EventsExample", "EventsExample\EventsExample.csproj", "{B722DB9C-669C-4427-B717-3A626B8EB3B7}"
EndProject
Project("{FAE04EC0-301F-11D3-BF4B-00C04F79EFBC}") = "ResourcesExample", "ResourcesExample\ResourcesExample.csproj", "{5052CB5E-FC40-4471-BB7F-740743A6896D}"
EndProject
Project("{FAE04EC0-301F-11D3-BF4B-00C04F79EFBC}") = "ResourcesCodeBehind", "ResourcesCodeBehind\ResourcesCodeBehind.csproj", "{A57441A2-F478-4EF1-B28E-5E7BD078C65F}"
EndProject
Project("{9A19103F-16F7-4668-BE54-9A1E7A4F7556}") = "HandlingExceptions", "HandlingExceptions\HandlingExceptions.csproj", "{F340CA0E-BB05-42B0-BBC1-C522DDB4F39A}"
EndProject
Project("{FAE04EC0-301F-11D3-BF4B-00C04F79EFBC}") = "ApplicationCultureExample", "ApplicationCultureExample\ApplicationCultureExample.csproj", "{B2E31020-FC83-4C98-A320-8C1AD0DD8349}"
EndProject
Global
	GlobalSection(SolutionConfigurationPlatforms) = preSolution
		Debug|Any CPU = Debug|Any CPU
		Release|Any CPU = Release|Any CPU
	EndGlobalSection
	GlobalSection(ProjectConfigurationPlatforms) = postSolution
		{77D5B12D-6D6A-481A-9436-CA9E37496CA8}.Debug|Any CPU.ActiveCfg = Debug|Any CPU
		{77D5B12D-6D6A-481A-9436-CA9E37496CA8}.Debug|Any CPU.Build.0 = Debug|Any CPU
		{77D5B12D-6D6A-481A-9436-CA9E37496CA8}.Release|Any CPU.ActiveCfg = Release|Any CPU
		{77D5B12D-6D6A-481A-9436-CA9E37496CA8}.Release|Any CPU.Build.0 = Release|Any CPU
		{B722DB9C-669C-4427-B717-3A626B8EB3B7}.Debug|Any CPU.ActiveCfg = Debug|Any CPU
		{B722DB9C-669C-4427-B717-3A626B8EB3B7}.Debug|Any CPU.Build.0 = Debug|Any CPU
		{B722DB9C-669C-4427-B717-3A626B8EB3B7}.Release|Any CPU.ActiveCfg = Release|Any CPU
		{B722DB9C-669C-4427-B717-3A626B8EB3B7}.Release|Any CPU.Build.0 = Release|Any CPU
		{5052CB5E-FC40-4471-BB7F-740743A6896D}.Debug|Any CPU.ActiveCfg = Debug|Any CPU
		{5052CB5E-FC40-4471-BB7F-740743A6896D}.Debug|Any CPU.Build.0 = Debug|Any CPU
		{5052CB5E-FC40-4471-BB7F-740743A6896D}.Release|Any CPU.ActiveCfg = Release|Any CPU
		{5052CB5E-FC40-4471-BB7F-740743A6896D}.Release|Any CPU.Build.0 = Release|Any CPU
		{A57441A2-F478-4EF1-B28E-5E7BD078C65F}.Debug|Any CPU.ActiveCfg = Debug|Any CPU
		{A57441A2-F478-4EF1-B28E-5E7BD078C65F}.Debug|Any CPU.Build.0 = Debug|Any CPU
		{A57441A2-F478-4EF1-B28E-5E7BD078C65F}.Release|Any CPU.ActiveCfg = Release|Any CPU
		{A57441A2-F478-4EF1-B28E-5E7BD078C65F}.Release|Any CPU.Build.0 = Release|Any CPU
		{F340CA0E-BB05-42B0-BBC1-C522DDB4F39A}.Debug|Any CPU.ActiveCfg = Debug|Any CPU
		{F340CA0E-BB05-42B0-BBC1-C522DDB4F39A}.Debug|Any CPU.Build.0 = Debug|Any CPU
		{F340CA0E-BB05-42B0-BBC1-C522DDB4F39A}.Release|Any CPU.ActiveCfg = Release|Any CPU
		{F340CA0E-BB05-42B0-BBC1-C522DDB4F39A}.Release|Any CPU.Build.0 = Release|Any CPU
		{B2E31020-FC83-4C98-A320-8C1AD0DD8349}.Debug|Any CPU.ActiveCfg = Debug|Any CPU
		{B2E31020-FC83-4C98-A320-8C1AD0DD8349}.Debug|Any CPU.Build.0 = Debug|Any CPU
		{B2E31020-FC83-4C98-A320-8C1AD0DD8349}.Release|Any CPU.ActiveCfg = Release|Any CPU
		{B2E31020-FC83-4C98-A320-8C1AD0DD8349}.Release|Any CPU.Build.0 = Release|Any CPU
	EndGlobalSection
	GlobalSection(SolutionProperties) = preSolution
		HideSolutionNode = FALSE
	EndGlobalSection
	GlobalSection(ExtensibilityGlobals) = postSolution
		SolutionGuid = {2816144E-1071-4FEC-98B1-D72E8186B07C}
	EndGlobalSection
EndGlobal
